
Microsoft Visual Studio Solution File, Format Version 12.00
# Visual Studio Version 17
VisualStudioVersion = 17.3.32929.385
MinimumVisualStudioVersion = 10.0.40219.1
Project("{8BC9CEB8-8B4A-11D0-8D11-00A0C91BC942}") = "KmRootkit", "KmRootkit\KmRootkit.vcxproj", "{3D31675C-2575-43AF-A393-8DBFBEBBB55F}"
EndProject
Global
	GlobalSection(SolutionConfigurationPlatforms) = preSolution
		Debug|ARM64 = Debug|ARM64
		Debug|x64 = Debug|x64
		Release|ARM64 = Release|ARM64
		Release|x64 = Release|x64
	EndGlobalSection
	GlobalSection(ProjectConfigurationPlatforms) = postSolution
		{3D31675C-2575-43AF-A393-8DBFBEBBB55F}.Debug|ARM64.ActiveCfg = Debug|ARM64
		{3D31675C-2575-43AF-A393-8DBFBEBBB55F}.Debug|ARM64.Build.0 = Debug|ARM64
		{3D31675C-2575-43AF-A393-8DBFBEBBB55F}.Debug|ARM64.Deploy.0 = Debug|ARM64
		{3D31675C-2575-43AF-A393-8DBFBEBBB55F}.Debug|x64.ActiveCfg = Debug|x64
		{3D31675C-2575-43AF-A393-8DBFBEBBB55F}.Debug|x64.Build.0 = Debug|x64
		{3D31675C-2575-43AF-A393-8DBFBEBBB55F}.Debug|x64.Deploy.0 = Debug|x64
		{3D31675C-2575-43AF-A393-8DBFBEBBB55F}.Release|ARM64.ActiveCfg = Release|ARM64
		{3D31675C-2575-43AF-A393-8DBFBEBBB55F}.Release|ARM64.Build.0 = Release|ARM64
		{3D31675C-2575-43AF-A393-8DBFBEBBB55F}.Release|ARM64.Deploy.0 = Release|ARM64
		{3D31675C-2575-43AF-A393-8DBFBEBBB55F}.Release|x64.ActiveCfg = Release|x64
		{3D31675C-2575-43AF-A393-8DBFBEBBB55F}.Release|x64.Build.0 = Release|x64
		{3D31675C-2575-43AF-A393-8DBFBEBBB55F}.Release|x64.Deploy.0 = Release|x64
	EndGlobalSection
	GlobalSection(SolutionProperties) = preSolution
		HideSolutionNode = FALSE
	EndGlobalSection
	GlobalSection(ExtensibilityGlobals) = postSolution
		SolutionGuid = {639B6EB4-83DE-49CB-96A9-1A3084D2607E}
	EndGlobalSection
EndGlobal
